// !$*UTF8*$!
{
	archiveVersion = 1;
	classes = {
	};
	objectVersion = 46;
	objects = {

/* Begin PBXBuildFile section */
		EBBD3F311F1B35CA00B09CAA /* AppDelegate.swift in Sources */ = {isa = PBXBuildFile; fileRef = EBBD3F301F1B35CA00B09CAA /* AppDelegate.swift */; };
		EBBD3F331F1B35CA00B09CAA /* ViewController.swift in Sources */ = {isa = PBXBuildFile; fileRef = EBBD3F321F1B35CA00B09CAA /* ViewController.swift */; };
		EBBD3F361F1B35CA00B09CAA /* Main.storyboard in Resources */ = {isa = PBXBuildFile; fileRef = EBBD3F341F1B35CA00B09CAA /* Main.storyboard */; };
		EBBD3F381F1B35CA00B09CAA /* Assets.xcassets in Resources */ = {isa = PBXBuildFile; fileRef = EBBD3F371F1B35CA00B09CAA /* Assets.xcassets */; };
		EBBD3F3B1F1B35CA00B09CAA /* LaunchScreen.storyboard in Resources */ = {isa = PBXBuildFile; fileRef = EBBD3F391F1B35CA00B09CAA /* LaunchScreen.storyboard */; };
/* End PBXBuildFile section */

/* Begin PBXFileReference section */
		EBBD3F2D1F1B35CA00B09CAA /* API Demo.app */ = {isa = PBXFileReference; explicitFileType = wrapper.application; includeInIndex = 0; path = "API Demo.app"; sourceTree = BUILT_PRODUCTS_DIR; };
		EBBD3F301F1B35CA00B09CAA /* AppDelegate.swift */ = {isa = PBXFileReference; lastKnownFileType = sourcecode.swift; path = AppDelegate.swift; sourceTree = "<group>"; };
		EBBD3F321F1B35CA00B09CAA /* ViewController.swift */ = {isa = PBXFileReference; lastKnownFileType = sourcecode.swift; path = ViewController.swift; sourceTree = "<group>"; };
		EBBD3F351F1B35CA00B09CAA /* Base */ = {isa = PBXFileReference; lastKnownFileType = file.storyboard; name = Base; path = Base.lproj/Main.storyboard; sourceTree = "<group>"; };
		EBBD3F371F1B35CA00B09CAA /* Assets.xcassets */ = {isa = PBXFileReference; lastKnownFileType = folder.assetcatalog; path = Assets.xcassets; sourceTree = "<group>"; };
		EBBD3F3A1F1B35CA00B09CAA /* Base */ = {isa = PBXFileReference; lastKnownFileType = file.storyboard; name = Base; path = Base.lproj/LaunchScreen.storyboard; sourceTree = "<group>"; };
		EBBD3F3C1F1B35CA00B09CAA /* Info.plist */ = {isa = PBXFileReference; lastKnownFileType = text.plist.xml; path = Info.plist; sourceTree = "<group>"; };
/* End PBXFileReference section */

/* Begin PBXFrameworksBuildPhase section */
		EBBD3F2A1F1B35CA00B09CAA /* Frameworks */ = {
			isa = PBXFrameworksBuildPhase;
			buildActionMask = 2147483647;
			files = (
			);
			runOnlyForDeploymentPostprocessing = 0;
		};
/* End PBXFrameworksBuildPhase section */

/* Begin PBXGroup section */
		EBBD3F241F1B35C900B09CAA = {
			isa = PBXGroup;
			children = (
				EBBD3F2F1F1B35CA00B09CAA /* API Demo */,
				EBBD3F2E1F1B35CA00B09CAA /* Products */,
			);
			sourceTree = "<group>";
		};
		EBBD3F2E1F1B35CA00B09CAA /* Products */ = {
			isa = PBXGroup;
			children = (
				EBBD3F2D1F1B35CA00B09CAA /* API Demo.app */,
			);
			name = Products;
			sourceTree = "<group>";
		};
		EBBD3F2F1F1B35CA00B09CAA /* API Demo */ = {
			isa = PBXGroup;
			children = (
				EBBD3F301F1B35CA00B09CAA /* AppDelegate.swift */,
				EBBD3F321F1B35CA00B09CAA /* ViewController.swift */,
				EBBD3F341F1B35CA00B09CAA /* Main.storyboard */,
				EBBD3F371F1B35CA00B09CAA /* Assets.xcassets */,
				EBBD3F391F1B35CA00B09CAA /* LaunchScreen.storyboard */,
				EBBD3F3C1F1B35CA00B09CAA /* Info.plist */,
			);
			path = "API Demo";
			sourceTree = "<group>";
		};
/* End PBXGroup section */

/* Begin PBXNativeTarget section */
		EBBD3F2C1F1B35CA00B09CAA /* API Demo */ = {
			isa = PBXNativeTarget;
			buildConfigurationList = EBBD3F3F1F1B35CA00B09CAA /* Build configuration list for PBXNativeTarget "API Demo" */;
			buildPhases = (
				EBBD3F291F1B35CA00B09CAA /* Sources */,
				EBBD3F2A1F1B35CA00B09CAA /* Frameworks */,
				EBBD3F2B1F1B35CA00B09CAA /* Resources */,
			);
			buildRules = (
			);
			dependencies = (
			);
			name = "API Demo";
			productName = "API Demo";
			productReference = EBBD3F2D1F1B35CA00B09CAA /* API Demo.app */;
			productType = "com.apple.product-type.application";
		};
/* End PBXNativeTarget section */

/* Begin PBXProject section */
		EBBD3F251F1B35C900B09CAA /* Project object */ = {
			isa = PBXProject;
			attributes = {
				LastSwiftUpdateCheck = 0830;
				LastUpgradeCheck = 0830;
				ORGANIZATIONNAME = "Juan Pablo Pinto Santana";
				TargetAttributes = {
					EBBD3F2C1F1B35CA00B09CAA = {
						CreatedOnToolsVersion = 8.3.3;
						DevelopmentTeam = 99T5ZP74P5;
						ProvisioningStyle = Automatic;
					};
				};
			};
			buildConfigurationList = EBBD3F281F1B35C900B09CAA /* Build configuration list for PBXProject "API Demo" */;
			compatibilityVersion = "Xcode 3.2";
			developmentRegion = English;
			hasScannedForEncodings = 0;
			knownRegions = (
				en,
				Base,
			);
			mainGroup = EBBD3F241F1B35C900B09CAA;
			productRefGroup = EBBD3F2E1F1B35CA00B09CAA /* Products */;
			projectDirPath = "";
			projectRoot = "";
			targets = (
				EBBD3F2C1F1B35CA00B09CAA /* API Demo */,
			);
		};
/* End PBXProject section */

/* Begin PBXResourcesBuildPhase section */
		EBBD3F2B1F1B35CA00B09CAA /* Resources */ = {
			isa = PBXResourcesBuildPhase;
			buildActionMask = 2147483647;
			files = (
				EBBD3F3B1F1B35CA00B09CAA /* LaunchScreen.storyboard in Resources */,
				EBBD3F381F1B35CA00B09CAA /* Assets.xcassets in Resources */,
				EBBD3F361F1B35CA00B09CAA /* Main.storyboard in Resources */,
			);
			runOnlyForDeploymentPostprocessing = 0;
		};
/* End PBXResourcesBuildPhase section */

/* Begin PBXSourcesBuildPhase section */
		EBBD3F291F1B35CA00B09CAA /* Sources */ = {
			isa = PBXSourcesBuildPhase;
			buildActionMask = 2147483647;
			files = (
				EBBD3F331F1B35CA00B09CAA /* ViewController.swift in Sources */,
				EBBD3F311F1B35CA00B09CAA /* AppDelegate.swift in Sources */,
			);
			runOnlyForDeploymentPostprocessing = 0;
		};
/* End PBXSourcesBuildPhase section */

/* Begin PBXVariantGroup section */
		EBBD3F341F1B35CA00B09CAA /* Main.storyboard */ = {
			isa = PBXVariantGroup;
			children = (
				EBBD3F351F1B35CA00B09CAA /* Base */,
			);
			name = Main.storyboard;
			sourceTree = "<group>";
		};
		EBBD3F391F1B35CA00B09CAA /* LaunchScreen.storyboard */ = {
			isa = PBXVariantGroup;
			children = (
				EBBD3F3A1F1B35CA00B09CAA /* Base */,
			);
			name = LaunchScreen.storyboard;
			sourceTree = "<group>";
		};
/* End PBXVariantGroup section */

/* Begin XCBuildConfiguration section */
		EBBD3F3D1F1B35CA00B09CAA /* Debug */ = {
			isa = XCBuildConfiguration;
			buildSettings = {
				ALWAYS_SEARCH_USER_PATHS = NO;
				CLANG_ANALYZER_NONNULL = YES;
				CLANG_ANALYZER_NUMBER_OBJECT_CONVERSION = YES_AGGRESSIVE;
				CLANG_CXX_LANGUAGE_STANDARD = "gnu++0x";
				CLANG_CXX_LIBRARY = "libc++";
				CLANG_ENABLE_MODULES = YES;
				CLANG_ENABLE_OBJC_ARC = YES;
				CLANG_WARN_BOOL_CONVERSION = YES;
				CLANG_WARN_CONSTANT_CONVERSION = YES;
				CLANG_WARN_DIRECT_OBJC_ISA_USAGE = YES_ERROR;
				CLANG_WARN_DOCUMENTATION_COMMENTS = YES;
				CLANG_WARN_EMPTY_BODY = YES;
				CLANG_WARN_ENUM_CONVERSION = YES;
				CLANG_WARN_INFINITE_RECURSION = YES;
				CLANG_WARN_INT_CONVERSION = YES;
				CLANG_WARN_OBJC_ROOT_CLASS = YES_ERROR;
				CLANG_WARN_SUSPICIOUS_MOVE = YES;
				CLANG_WARN_UNREACHABLE_CODE = YES;
				CLANG_WARN__DUPLICATE_METHOD_MATCH = YES;
				"CODE_SIGN_IDENTITY[sdk=iphoneos*]" = "iPhone Developer";
				COPY_PHASE_STRIP = NO;
				DEBUG_INFORMATION_FORMAT = dwarf;
				ENABLE_STRICT_OBJC_MSGSEND = YES;
				ENABLE_TESTABILITY = YES;
				GCC_C_LANGUAGE_STANDARD = gnu99;
				GCC_DYNAMIC_NO_PIC = NO;
				GCC_NO_COMMON_BLOCKS = YES;
				GCC_OPTIMIZATION_LEVEL = 0;
				GCC_PREPROCESSOR_DEFINITIONS = (
					"DEBUG=1",
					"$(inherited)",
				);
				GCC_WARN_64_TO_32_BIT_CONVERSION = YES;
				GCC_WARN_ABOUT_RETURN_TYPE = YES_ERROR;
				GCC_WARN_UNDECLARED_SELECTOR = YES;
				GCC_WARN_UNINITIALIZED_AUTOS = YES_AGGRESSIVE;
				GCC_WARN_UNUSED_FUNCTION = YES;
				GCC_WARN_UNUSED_VARIABLE = YES;
				IPHONEOS_DEPLOYMENT_TARGET = 10.3;
				MTL_ENABLE_DEBUG_INFO = YES;
				ONLY_ACTIVE_ARCH = YES;
				SDKROOT = iphoneos;
				SWIFT_ACTIVE_COMPILATION_CONDITIONS = DEBUG;
				SWIFT_OPTIMIZATION_LEVEL = "-Onone";
			};
			name = Debug;
		};
		EBBD3F3E1F1B35CA00B09CAA /* Release */ = {
			isa = XCBuildConfiguration;
			buildSettings = {
				ALWAYS_SEARCH_USER_PATHS = NO;
				CLANG_ANALYZER_NONNULL = YES;
				CLANG_ANALYZER_NUMBER_OBJECT_CONVERSION = YES_AGGRESSIVE;
				CLANG_CXX_LANGUAGE_STANDARD = "gnu++0x";
				CLANG_CXX_LIBRARY = "libc++";
				CLANG_ENABLE_MODULES = YES;
				CLANG_ENABLE_OBJC_ARC = YES;
				CLANG_WARN_BOOL_CONVERSION = YES;
				CLANG_WARN_CONSTANT_CONVERSION = YES;
				CLANG_WARN_DIRECT_OBJC_ISA_USAGE = YES_ERROR;
				CLANG_WARN_DOCUMENTATION_COMMENTS = YES;
				CLANG_WARN_EMPTY_BODY = YES;
				CLANG_WARN_ENUM_CONVERSION = YES;
				CLANG_WARN_INFINITE_RECURSION = YES;
				CLANG_WARN_INT_CONVERSION = YES;
				CLANG_WARN_OBJC_ROOT_CLASS = YES_ERROR;
				CLANG_WARN_SUSPICIOUS_MOVE = YES;
				CLANG_WARN_UNREACHABLE_CODE = YES;
				CLANG_WARN__DUPLICATE_METHOD_MATCH = YES;
				"CODE_SIGN_IDENTITY[sdk=iphoneos*]" = "iPhone Developer";
				COPY_PHASE_STRIP = NO;
				DEBUG_INFORMATION_FORMAT = "dwarf-with-dsym";
				ENABLE_NS_ASSERTIONS = NO;
				ENABLE_STRICT_OBJC_MSGSEND = YES;
				GCC_C_LANGUAGE_STANDARD = gnu99;
				GCC_NO_COMMON_BLOCKS = YES;
				GCC_WARN_64_TO_32_BIT_CONVERSION = YES;
				GCC_WARN_ABOUT_RETURN_TYPE = YES_ERROR;
				GCC_WARN_UNDECLARED_SELECTOR = YES;
				GCC_WARN_UNINITIALIZED_AUTOS = YES_AGGRESSIVE;
				GCC_WARN_UNUSED_FUNCTION = YES;
				GCC_WARN_UNUSED_VARIABLE = YES;
				IPHONEOS_DEPLOYMENT_TARGET = 10.3;
				MTL_ENABLE_DEBUG_INFO = NO;
				SDKROOT = iphoneos;
				SWIFT_OPTIMIZATION_LEVEL = "-Owholemodule";
				VALIDATE_PRODUCT = YES;
			};
			name = Release;
		};
		EBBD3F401F1B35CA00B09CAA /* Debug */ = {
			isa = XCBuildConfiguration;
			buildSettings = {
				ASSETCATALOG_COMPILER_APPICON_NAME = AppIcon;
				DEVELOPMENT_TEAM = 99T5ZP74P5;
				INFOPLIST_FILE = "API Demo/Info.plist";
				LD_RUNPATH_SEARCH_PATHS = "$(inherited) @executable_path/Frameworks";
				PRODUCT_BUNDLE_IDENTIFIER = "io.jpinto.API-Demo";
				PRODUCT_NAME = "$(TARGET_NAME)";
				SWIFT_VERSION = 3.0;
			};
			name = Debug;
		};
		EBBD3F411F1B35CA00B09CAA /* Release */ = {
			isa = XCBuildConfiguration;
			buildSettings = {
				ASSETCATALOG_COMPILER_APPICON_NAME = AppIcon;
				DEVELOPMENT_TEAM = 99T5ZP74P5;
				INFOPLIST_FILE = "API Demo/Info.plist";
				LD_RUNPATH_SEARCH_PATHS = "$(inherited) @executable_path/Frameworks";
				PRODUCT_BUNDLE_IDENTIFIER = "io.jpinto.API-Demo";
				PRODUCT_NAME = "$(TARGET_NAME)";
				SWIFT_VERSION = 3.0;
			};
			name = Release;
		};
/* End XCBuildConfiguration section */

/* Begin XCConfigurationList section */
		EBBD3F281F1B35C900B09CAA /* Build configuration list for PBXProject "API Demo" */ = {
			isa = XCConfigurationList;
			buildConfigurations = (
				EBBD3F3D1F1B35CA00B09CAA /* Debug */,
				EBBD3F3E1F1B35CA00B09CAA /* Release */,
			);
			defaultConfigurationIsVisible = 0;
			defaultConfigurationName = Release;
		};
		EBBD3F3F1F1B35CA00B09CAA /* Build configuration list for PBXNativeTarget "API Demo" */ = {
			isa = XCConfigurationList;
			buildConfigurations = (
				EBBD3F401F1B35CA00B09CAA /* Debug */,
				EBBD3F411F1B35CA00B09CAA /* Release */,
			);
			defaultConfigurationIsVisible = 0;
		};
/* End XCConfigurationList section */
	};
	rootObject = EBBD3F251F1B35C900B09CAA /* Project object */;
}
