// !$*UTF8*$!
{
	archiveVersion = 1;
	classes = {
	};
	objectVersion = 46;
	objects = {

/* Begin PBXBuildFile section */
		EBA5BAA61E9C44D50010E0B3 /* AppDelegate.swift in Sources */ = {isa = PBXBuildFile; fileRef = EBA5BAA51E9C44D50010E0B3 /* AppDelegate.swift */; };
		EBA5BAA81E9C44D50010E0B3 /* ViewController.swift in Sources */ = {isa = PBXBuildFile; fileRef = EBA5BAA71E9C44D50010E0B3 /* ViewController.swift */; };
		EBA5BAAB1E9C44D50010E0B3 /* Main.storyboard in Resources */ = {isa = PBXBuildFile; fileRef = EBA5BAA91E9C44D50010E0B3 /* Main.storyboard */; };
		EBA5BAAD1E9C44D50010E0B3 /* Assets.xcassets in Resources */ = {isa = PBXBuildFile; fileRef = EBA5BAAC1E9C44D50010E0B3 /* Assets.xcassets */; };
		EBA5BAB01E9C44D50010E0B3 /* LaunchScreen.storyboard in Resources */ = {isa = PBXBuildFile; fileRef = EBA5BAAE1E9C44D50010E0B3 /* LaunchScreen.storyboard */; };
/* End PBXBuildFile section */

/* Begin PBXFileReference section */
		EBA5BAA21E9C44D50010E0B3 /* Controlling the Keyboard.app */ = {isa = PBXFileReference; explicitFileType = wrapper.application; includeInIndex = 0; path = "Controlling the Keyboard.app"; sourceTree = BUILT_PRODUCTS_DIR; };
		EBA5BAA51E9C44D50010E0B3 /* AppDelegate.swift */ = {isa = PBXFileReference; lastKnownFileType = sourcecode.swift; path = AppDelegate.swift; sourceTree = "<group>"; };
		EBA5BAA71E9C44D50010E0B3 /* ViewController.swift */ = {isa = PBXFileReference; lastKnownFileType = sourcecode.swift; path = ViewController.swift; sourceTree = "<group>"; };
		EBA5BAAA1E9C44D50010E0B3 /* Base */ = {isa = PBXFileReference; lastKnownFileType = file.storyboard; name = Base; path = Base.lproj/Main.storyboard; sourceTree = "<group>"; };
		EBA5BAAC1E9C44D50010E0B3 /* Assets.xcassets */ = {isa = PBXFileReference; lastKnownFileType = folder.assetcatalog; path = Assets.xcassets; sourceTree = "<group>"; };
		EBA5BAAF1E9C44D50010E0B3 /* Base */ = {isa = PBXFileReference; lastKnownFileType = file.storyboard; name = Base; path = Base.lproj/LaunchScreen.storyboard; sourceTree = "<group>"; };
		EBA5BAB11E9C44D50010E0B3 /* Info.plist */ = {isa = PBXFileReference; lastKnownFileType = text.plist.xml; path = Info.plist; sourceTree = "<group>"; };
/* End PBXFileReference section */

/* Begin PBXFrameworksBuildPhase section */
		EBA5BA9F1E9C44D50010E0B3 /* Frameworks */ = {
			isa = PBXFrameworksBuildPhase;
			buildActionMask = 2147483647;
			files = (
			);
			runOnlyForDeploymentPostprocessing = 0;
		};
/* End PBXFrameworksBuildPhase section */

/* Begin PBXGroup section */
		EBA5BA991E9C44D50010E0B3 = {
			isa = PBXGroup;
			children = (
				EBA5BAA41E9C44D50010E0B3 /* Controlling the Keyboard */,
				EBA5BAA31E9C44D50010E0B3 /* Products */,
			);
			sourceTree = "<group>";
		};
		EBA5BAA31E9C44D50010E0B3 /* Products */ = {
			isa = PBXGroup;
			children = (
				EBA5BAA21E9C44D50010E0B3 /* Controlling the Keyboard.app */,
			);
			name = Products;
			sourceTree = "<group>";
		};
		EBA5BAA41E9C44D50010E0B3 /* Controlling the Keyboard */ = {
			isa = PBXGroup;
			children = (
				EBA5BAA51E9C44D50010E0B3 /* AppDelegate.swift */,
				EBA5BAA71E9C44D50010E0B3 /* ViewController.swift */,
				EBA5BAA91E9C44D50010E0B3 /* Main.storyboard */,
				EBA5BAAC1E9C44D50010E0B3 /* Assets.xcassets */,
				EBA5BAAE1E9C44D50010E0B3 /* LaunchScreen.storyboard */,
				EBA5BAB11E9C44D50010E0B3 /* Info.plist */,
			);
			path = "Controlling the Keyboard";
			sourceTree = "<group>";
		};
/* End PBXGroup section */

/* Begin PBXNativeTarget section */
		EBA5BAA11E9C44D50010E0B3 /* Controlling the Keyboard */ = {
			isa = PBXNativeTarget;
			buildConfigurationList = EBA5BAB41E9C44D50010E0B3 /* Build configuration list for PBXNativeTarget "Controlling the Keyboard" */;
			buildPhases = (
				EBA5BA9E1E9C44D50010E0B3 /* Sources */,
				EBA5BA9F1E9C44D50010E0B3 /* Frameworks */,
				EBA5BAA01E9C44D50010E0B3 /* Resources */,
			);
			buildRules = (
			);
			dependencies = (
			);
			name = "Controlling the Keyboard";
			productName = "Controlling the Keyboard";
			productReference = EBA5BAA21E9C44D50010E0B3 /* Controlling the Keyboard.app */;
			productType = "com.apple.product-type.application";
		};
/* End PBXNativeTarget section */

/* Begin PBXProject section */
		EBA5BA9A1E9C44D50010E0B3 /* Project object */ = {
			isa = PBXProject;
			attributes = {
				LastSwiftUpdateCheck = 0830;
				LastUpgradeCheck = 0830;
				ORGANIZATIONNAME = "Juan Pablo Pinto Santana";
				TargetAttributes = {
					EBA5BAA11E9C44D50010E0B3 = {
						CreatedOnToolsVersion = 8.3.1;
						DevelopmentTeam = 99T5ZP74P5;
						ProvisioningStyle = Automatic;
					};
				};
			};
			buildConfigurationList = EBA5BA9D1E9C44D50010E0B3 /* Build configuration list for PBXProject "Controlling the Keyboard" */;
			compatibilityVersion = "Xcode 3.2";
			developmentRegion = English;
			hasScannedForEncodings = 0;
			knownRegions = (
				en,
				Base,
			);
			mainGroup = EBA5BA991E9C44D50010E0B3;
			productRefGroup = EBA5BAA31E9C44D50010E0B3 /* Products */;
			projectDirPath = "";
			projectRoot = "";
			targets = (
				EBA5BAA11E9C44D50010E0B3 /* Controlling the Keyboard */,
			);
		};
/* End PBXProject section */

/* Begin PBXResourcesBuildPhase section */
		EBA5BAA01E9C44D50010E0B3 /* Resources */ = {
			isa = PBXResourcesBuildPhase;
			buildActionMask = 2147483647;
			files = (
				EBA5BAB01E9C44D50010E0B3 /* LaunchScreen.storyboard in Resources */,
				EBA5BAAD1E9C44D50010E0B3 /* Assets.xcassets in Resources */,
				EBA5BAAB1E9C44D50010E0B3 /* Main.storyboard in Resources */,
			);
			runOnlyForDeploymentPostprocessing = 0;
		};
/* End PBXResourcesBuildPhase section */

/* Begin PBXSourcesBuildPhase section */
		EBA5BA9E1E9C44D50010E0B3 /* Sources */ = {
			isa = PBXSourcesBuildPhase;
			buildActionMask = 2147483647;
			files = (
				EBA5BAA81E9C44D50010E0B3 /* ViewController.swift in Sources */,
				EBA5BAA61E9C44D50010E0B3 /* AppDelegate.swift in Sources */,
			);
			runOnlyForDeploymentPostprocessing = 0;
		};
/* End PBXSourcesBuildPhase section */

/* Begin PBXVariantGroup section */
		EBA5BAA91E9C44D50010E0B3 /* Main.storyboard */ = {
			isa = PBXVariantGroup;
			children = (
				EBA5BAAA1E9C44D50010E0B3 /* Base */,
			);
			name = Main.storyboard;
			sourceTree = "<group>";
		};
		EBA5BAAE1E9C44D50010E0B3 /* LaunchScreen.storyboard */ = {
			isa = PBXVariantGroup;
			children = (
				EBA5BAAF1E9C44D50010E0B3 /* Base */,
			);
			name = LaunchScreen.storyboard;
			sourceTree = "<group>";
		};
/* End PBXVariantGroup section */

/* Begin XCBuildConfiguration section */
		EBA5BAB21E9C44D50010E0B3 /* Debug */ = {
			isa = XCBuildConfiguration;
			buildSettings = {
				ALWAYS_SEARCH_USER_PATHS = NO;
				CLANG_ANALYZER_NONNULL = YES;
				CLANG_ANALYZER_NUMBER_OBJECT_CONVERSION = YES_AGGRESSIVE;
				CLANG_CXX_LANGUAGE_STANDARD = "gnu++0x";
				CLANG_CXX_LIBRARY = "libc++";
				CLANG_ENABLE_MODULES = YES;
				CLANG_ENABLE_OBJC_ARC = YES;
				CLANG_WARN_BOOL_CONVERSION = YES;
				CLANG_WARN_CONSTANT_CONVERSION = YES;
				CLANG_WARN_DIRECT_OBJC_ISA_USAGE = YES_ERROR;
				CLANG_WARN_DOCUMENTATION_COMMENTS = YES;
				CLANG_WARN_EMPTY_BODY = YES;
				CLANG_WARN_ENUM_CONVERSION = YES;
				CLANG_WARN_INFINITE_RECURSION = YES;
				CLANG_WARN_INT_CONVERSION = YES;
				CLANG_WARN_OBJC_ROOT_CLASS = YES_ERROR;
				CLANG_WARN_SUSPICIOUS_MOVE = YES;
				CLANG_WARN_UNREACHABLE_CODE = YES;
				CLANG_WARN__DUPLICATE_METHOD_MATCH = YES;
				"CODE_SIGN_IDENTITY[sdk=iphoneos*]" = "iPhone Developer";
				COPY_PHASE_STRIP = NO;
				DEBUG_INFORMATION_FORMAT = dwarf;
				ENABLE_STRICT_OBJC_MSGSEND = YES;
				ENABLE_TESTABILITY = YES;
				GCC_C_LANGUAGE_STANDARD = gnu99;
				GCC_DYNAMIC_NO_PIC = NO;
				GCC_NO_COMMON_BLOCKS = YES;
				GCC_OPTIMIZATION_LEVEL = 0;
				GCC_PREPROCESSOR_DEFINITIONS = (
					"DEBUG=1",
					"$(inherited)",
				);
				GCC_WARN_64_TO_32_BIT_CONVERSION = YES;
				GCC_WARN_ABOUT_RETURN_TYPE = YES_ERROR;
				GCC_WARN_UNDECLARED_SELECTOR = YES;
				GCC_WARN_UNINITIALIZED_AUTOS = YES_AGGRESSIVE;
				GCC_WARN_UNUSED_FUNCTION = YES;
				GCC_WARN_UNUSED_VARIABLE = YES;
				IPHONEOS_DEPLOYMENT_TARGET = 10.3;
				MTL_ENABLE_DEBUG_INFO = YES;
				ONLY_ACTIVE_ARCH = YES;
				SDKROOT = iphoneos;
				SWIFT_ACTIVE_COMPILATION_CONDITIONS = DEBUG;
				SWIFT_OPTIMIZATION_LEVEL = "-Onone";
			};
			name = Debug;
		};
		EBA5BAB31E9C44D50010E0B3 /* Release */ = {
			isa = XCBuildConfiguration;
			buildSettings = {
				ALWAYS_SEARCH_USER_PATHS = NO;
				CLANG_ANALYZER_NONNULL = YES;
				CLANG_ANALYZER_NUMBER_OBJECT_CONVERSION = YES_AGGRESSIVE;
				CLANG_CXX_LANGUAGE_STANDARD = "gnu++0x";
				CLANG_CXX_LIBRARY = "libc++";
				CLANG_ENABLE_MODULES = YES;
				CLANG_ENABLE_OBJC_ARC = YES;
				CLANG_WARN_BOOL_CONVERSION = YES;
				CLANG_WARN_CONSTANT_CONVERSION = YES;
				CLANG_WARN_DIRECT_OBJC_ISA_USAGE = YES_ERROR;
				CLANG_WARN_DOCUMENTATION_COMMENTS = YES;
				CLANG_WARN_EMPTY_BODY = YES;
				CLANG_WARN_ENUM_CONVERSION = YES;
				CLANG_WARN_INFINITE_RECURSION = YES;
				CLANG_WARN_INT_CONVERSION = YES;
				CLANG_WARN_OBJC_ROOT_CLASS = YES_ERROR;
				CLANG_WARN_SUSPICIOUS_MOVE = YES;
				CLANG_WARN_UNREACHABLE_CODE = YES;
				CLANG_WARN__DUPLICATE_METHOD_MATCH = YES;
				"CODE_SIGN_IDENTITY[sdk=iphoneos*]" = "iPhone Developer";
				COPY_PHASE_STRIP = NO;
				DEBUG_INFORMATION_FORMAT = "dwarf-with-dsym";
				ENABLE_NS_ASSERTIONS = NO;
				ENABLE_STRICT_OBJC_MSGSEND = YES;
				GCC_C_LANGUAGE_STANDARD = gnu99;
				GCC_NO_COMMON_BLOCKS = YES;
				GCC_WARN_64_TO_32_BIT_CONVERSION = YES;
				GCC_WARN_ABOUT_RETURN_TYPE = YES_ERROR;
				GCC_WARN_UNDECLARED_SELECTOR = YES;
				GCC_WARN_UNINITIALIZED_AUTOS = YES_AGGRESSIVE;
				GCC_WARN_UNUSED_FUNCTION = YES;
				GCC_WARN_UNUSED_VARIABLE = YES;
				IPHONEOS_DEPLOYMENT_TARGET = 10.3;
				MTL_ENABLE_DEBUG_INFO = NO;
				SDKROOT = iphoneos;
				SWIFT_OPTIMIZATION_LEVEL = "-Owholemodule";
				VALIDATE_PRODUCT = YES;
			};
			name = Release;
		};
		EBA5BAB51E9C44D50010E0B3 /* Debug */ = {
			isa = XCBuildConfiguration;
			buildSettings = {
				ASSETCATALOG_COMPILER_APPICON_NAME = AppIcon;
				DEVELOPMENT_TEAM = 99T5ZP74P5;
				INFOPLIST_FILE = "Controlling the Keyboard/Info.plist";
				LD_RUNPATH_SEARCH_PATHS = "$(inherited) @executable_path/Frameworks";
				PRODUCT_BUNDLE_IDENTIFIER = "io.jpinto.Controlling-the-Keyboard";
				PRODUCT_NAME = "$(TARGET_NAME)";
				SWIFT_VERSION = 3.0;
			};
			name = Debug;
		};
		EBA5BAB61E9C44D50010E0B3 /* Release */ = {
			isa = XCBuildConfiguration;
			buildSettings = {
				ASSETCATALOG_COMPILER_APPICON_NAME = AppIcon;
				DEVELOPMENT_TEAM = 99T5ZP74P5;
				INFOPLIST_FILE = "Controlling the Keyboard/Info.plist";
				LD_RUNPATH_SEARCH_PATHS = "$(inherited) @executable_path/Frameworks";
				PRODUCT_BUNDLE_IDENTIFIER = "io.jpinto.Controlling-the-Keyboard";
				PRODUCT_NAME = "$(TARGET_NAME)";
				SWIFT_VERSION = 3.0;
			};
			name = Release;
		};
/* End XCBuildConfiguration section */

/* Begin XCConfigurationList section */
		EBA5BA9D1E9C44D50010E0B3 /* Build configuration list for PBXProject "Controlling the Keyboard" */ = {
			isa = XCConfigurationList;
			buildConfigurations = (
				EBA5BAB21E9C44D50010E0B3 /* Debug */,
				EBA5BAB31E9C44D50010E0B3 /* Release */,
			);
			defaultConfigurationIsVisible = 0;
			defaultConfigurationName = Release;
		};
		EBA5BAB41E9C44D50010E0B3 /* Build configuration list for PBXNativeTarget "Controlling the Keyboard" */ = {
			isa = XCConfigurationList;
			buildConfigurations = (
				EBA5BAB51E9C44D50010E0B3 /* Debug */,
				EBA5BAB61E9C44D50010E0B3 /* Release */,
			);
			defaultConfigurationIsVisible = 0;
		};
/* End XCConfigurationList section */
	};
	rootObject = EBA5BA9A1E9C44D50010E0B3 /* Project object */;
}
