// !$*UTF8*$!
{
	archiveVersion = 1;
	classes = {
	};
	objectVersion = 46;
	objects = {

/* Begin PBXBuildFile section */
		EB08907D1F13C95900ACA780 /* 01 Human After All.mp3 in Resources */ = {isa = PBXBuildFile; fileRef = EB0890791F13C95900ACA780 /* 01 Human After All.mp3 */; };
		EB08907E1F13C95900ACA780 /* 02 The Prime Time of Your Life.mp3 in Resources */ = {isa = PBXBuildFile; fileRef = EB08907A1F13C95900ACA780 /* 02 The Prime Time of Your Life.mp3 */; };
		EB08907F1F13C95900ACA780 /* 03 Robot Rock.mp3 in Resources */ = {isa = PBXBuildFile; fileRef = EB08907B1F13C95900ACA780 /* 03 Robot Rock.mp3 */; };
		EB0890801F13C95900ACA780 /* 08 Television Rules the Nation.mp3 in Resources */ = {isa = PBXBuildFile; fileRef = EB08907C1F13C95900ACA780 /* 08 Television Rules the Nation.mp3 */; };
		EB0890821F13C96C00ACA780 /* 04 Da Funk.mp3 in Resources */ = {isa = PBXBuildFile; fileRef = EB0890811F13C96C00ACA780 /* 04 Da Funk.mp3 */; };
		EB0890851F13C97B00ACA780 /* 03 Digital Love.mp3 in Resources */ = {isa = PBXBuildFile; fileRef = EB0890831F13C97B00ACA780 /* 03 Digital Love.mp3 */; };
		EB0890861F13C97B00ACA780 /* 04 Harder, Better, Faster, Stronger.mp3 in Resources */ = {isa = PBXBuildFile; fileRef = EB0890841F13C97B00ACA780 /* 04 Harder, Better, Faster, Stronger.mp3 */; };
		EB23D3511F134B89001D4218 /* AppDelegate.swift in Sources */ = {isa = PBXBuildFile; fileRef = EB23D3501F134B89001D4218 /* AppDelegate.swift */; };
		EB23D3531F134B89001D4218 /* ViewController.swift in Sources */ = {isa = PBXBuildFile; fileRef = EB23D3521F134B89001D4218 /* ViewController.swift */; };
		EB23D3561F134B89001D4218 /* Main.storyboard in Resources */ = {isa = PBXBuildFile; fileRef = EB23D3541F134B89001D4218 /* Main.storyboard */; };
		EB23D3581F134B89001D4218 /* Assets.xcassets in Resources */ = {isa = PBXBuildFile; fileRef = EB23D3571F134B89001D4218 /* Assets.xcassets */; };
		EB23D35B1F134B89001D4218 /* LaunchScreen.storyboard in Resources */ = {isa = PBXBuildFile; fileRef = EB23D3591F134B89001D4218 /* LaunchScreen.storyboard */; };
/* End PBXBuildFile section */

/* Begin PBXFileReference section */
		EB0890791F13C95900ACA780 /* 01 Human After All.mp3 */ = {isa = PBXFileReference; lastKnownFileType = audio.mp3; path = "01 Human After All.mp3"; sourceTree = "<group>"; };
		EB08907A1F13C95900ACA780 /* 02 The Prime Time of Your Life.mp3 */ = {isa = PBXFileReference; lastKnownFileType = audio.mp3; path = "02 The Prime Time of Your Life.mp3"; sourceTree = "<group>"; };
		EB08907B1F13C95900ACA780 /* 03 Robot Rock.mp3 */ = {isa = PBXFileReference; lastKnownFileType = audio.mp3; path = "03 Robot Rock.mp3"; sourceTree = "<group>"; };
		EB08907C1F13C95900ACA780 /* 08 Television Rules the Nation.mp3 */ = {isa = PBXFileReference; lastKnownFileType = audio.mp3; path = "08 Television Rules the Nation.mp3"; sourceTree = "<group>"; };
		EB0890811F13C96C00ACA780 /* 04 Da Funk.mp3 */ = {isa = PBXFileReference; lastKnownFileType = audio.mp3; path = "04 Da Funk.mp3"; sourceTree = "<group>"; };
		EB0890831F13C97B00ACA780 /* 03 Digital Love.mp3 */ = {isa = PBXFileReference; lastKnownFileType = audio.mp3; path = "03 Digital Love.mp3"; sourceTree = "<group>"; };
		EB0890841F13C97B00ACA780 /* 04 Harder, Better, Faster, Stronger.mp3 */ = {isa = PBXFileReference; lastKnownFileType = audio.mp3; path = "04 Harder, Better, Faster, Stronger.mp3"; sourceTree = "<group>"; };
		EB23D34D1F134B89001D4218 /* Sound Shaker.app */ = {isa = PBXFileReference; explicitFileType = wrapper.application; includeInIndex = 0; path = "Sound Shaker.app"; sourceTree = BUILT_PRODUCTS_DIR; };
		EB23D3501F134B89001D4218 /* AppDelegate.swift */ = {isa = PBXFileReference; lastKnownFileType = sourcecode.swift; path = AppDelegate.swift; sourceTree = "<group>"; };
		EB23D3521F134B89001D4218 /* ViewController.swift */ = {isa = PBXFileReference; lastKnownFileType = sourcecode.swift; path = ViewController.swift; sourceTree = "<group>"; };
		EB23D3551F134B89001D4218 /* Base */ = {isa = PBXFileReference; lastKnownFileType = file.storyboard; name = Base; path = Base.lproj/Main.storyboard; sourceTree = "<group>"; };
		EB23D3571F134B89001D4218 /* Assets.xcassets */ = {isa = PBXFileReference; lastKnownFileType = folder.assetcatalog; path = Assets.xcassets; sourceTree = "<group>"; };
		EB23D35A1F134B89001D4218 /* Base */ = {isa = PBXFileReference; lastKnownFileType = file.storyboard; name = Base; path = Base.lproj/LaunchScreen.storyboard; sourceTree = "<group>"; };
		EB23D35C1F134B89001D4218 /* Info.plist */ = {isa = PBXFileReference; lastKnownFileType = text.plist.xml; path = Info.plist; sourceTree = "<group>"; };
/* End PBXFileReference section */

/* Begin PBXFrameworksBuildPhase section */
		EB23D34A1F134B89001D4218 /* Frameworks */ = {
			isa = PBXFrameworksBuildPhase;
			buildActionMask = 2147483647;
			files = (
			);
			runOnlyForDeploymentPostprocessing = 0;
		};
/* End PBXFrameworksBuildPhase section */

/* Begin PBXGroup section */
		EB0890881F13D0C600ACA780 /* music */ = {
			isa = PBXGroup;
			children = (
				EB0890811F13C96C00ACA780 /* 04 Da Funk.mp3 */,
				EB0890831F13C97B00ACA780 /* 03 Digital Love.mp3 */,
				EB0890841F13C97B00ACA780 /* 04 Harder, Better, Faster, Stronger.mp3 */,
				EB0890791F13C95900ACA780 /* 01 Human After All.mp3 */,
				EB08907A1F13C95900ACA780 /* 02 The Prime Time of Your Life.mp3 */,
				EB08907B1F13C95900ACA780 /* 03 Robot Rock.mp3 */,
				EB08907C1F13C95900ACA780 /* 08 Television Rules the Nation.mp3 */,
			);
			name = music;
			sourceTree = "<group>";
		};
		EB23D3441F134B89001D4218 = {
			isa = PBXGroup;
			children = (
				EB23D34F1F134B89001D4218 /* Sound Shaker */,
				EB23D34E1F134B89001D4218 /* Products */,
			);
			sourceTree = "<group>";
		};
		EB23D34E1F134B89001D4218 /* Products */ = {
			isa = PBXGroup;
			children = (
				EB23D34D1F134B89001D4218 /* Sound Shaker.app */,
			);
			name = Products;
			sourceTree = "<group>";
		};
		EB23D34F1F134B89001D4218 /* Sound Shaker */ = {
			isa = PBXGroup;
			children = (
				EB0890881F13D0C600ACA780 /* music */,
				EB23D3501F134B89001D4218 /* AppDelegate.swift */,
				EB23D3521F134B89001D4218 /* ViewController.swift */,
				EB23D3541F134B89001D4218 /* Main.storyboard */,
				EB23D3571F134B89001D4218 /* Assets.xcassets */,
				EB23D3591F134B89001D4218 /* LaunchScreen.storyboard */,
				EB23D35C1F134B89001D4218 /* Info.plist */,
			);
			path = "Sound Shaker";
			sourceTree = "<group>";
		};
/* End PBXGroup section */

/* Begin PBXNativeTarget section */
		EB23D34C1F134B89001D4218 /* Sound Shaker */ = {
			isa = PBXNativeTarget;
			buildConfigurationList = EB23D35F1F134B89001D4218 /* Build configuration list for PBXNativeTarget "Sound Shaker" */;
			buildPhases = (
				EB23D3491F134B89001D4218 /* Sources */,
				EB23D34A1F134B89001D4218 /* Frameworks */,
				EB23D34B1F134B89001D4218 /* Resources */,
			);
			buildRules = (
			);
			dependencies = (
			);
			name = "Sound Shaker";
			productName = "Sound Shaker";
			productReference = EB23D34D1F134B89001D4218 /* Sound Shaker.app */;
			productType = "com.apple.product-type.application";
		};
/* End PBXNativeTarget section */

/* Begin PBXProject section */
		EB23D3451F134B89001D4218 /* Project object */ = {
			isa = PBXProject;
			attributes = {
				LastSwiftUpdateCheck = 0830;
				LastUpgradeCheck = 0830;
				ORGANIZATIONNAME = "Juan Pablo Pinto Santana";
				TargetAttributes = {
					EB23D34C1F134B89001D4218 = {
						CreatedOnToolsVersion = 8.3.3;
						DevelopmentTeam = 99T5ZP74P5;
						ProvisioningStyle = Automatic;
					};
				};
			};
			buildConfigurationList = EB23D3481F134B89001D4218 /* Build configuration list for PBXProject "Sound Shaker" */;
			compatibilityVersion = "Xcode 3.2";
			developmentRegion = English;
			hasScannedForEncodings = 0;
			knownRegions = (
				en,
				Base,
			);
			mainGroup = EB23D3441F134B89001D4218;
			productRefGroup = EB23D34E1F134B89001D4218 /* Products */;
			projectDirPath = "";
			projectRoot = "";
			targets = (
				EB23D34C1F134B89001D4218 /* Sound Shaker */,
			);
		};
/* End PBXProject section */

/* Begin PBXResourcesBuildPhase section */
		EB23D34B1F134B89001D4218 /* Resources */ = {
			isa = PBXResourcesBuildPhase;
			buildActionMask = 2147483647;
			files = (
				EB23D35B1F134B89001D4218 /* LaunchScreen.storyboard in Resources */,
				EB0890821F13C96C00ACA780 /* 04 Da Funk.mp3 in Resources */,
				EB08907D1F13C95900ACA780 /* 01 Human After All.mp3 in Resources */,
				EB23D3581F134B89001D4218 /* Assets.xcassets in Resources */,
				EB08907E1F13C95900ACA780 /* 02 The Prime Time of Your Life.mp3 in Resources */,
				EB23D3561F134B89001D4218 /* Main.storyboard in Resources */,
				EB08907F1F13C95900ACA780 /* 03 Robot Rock.mp3 in Resources */,
				EB0890851F13C97B00ACA780 /* 03 Digital Love.mp3 in Resources */,
				EB0890861F13C97B00ACA780 /* 04 Harder, Better, Faster, Stronger.mp3 in Resources */,
				EB0890801F13C95900ACA780 /* 08 Television Rules the Nation.mp3 in Resources */,
			);
			runOnlyForDeploymentPostprocessing = 0;
		};
/* End PBXResourcesBuildPhase section */

/* Begin PBXSourcesBuildPhase section */
		EB23D3491F134B89001D4218 /* Sources */ = {
			isa = PBXSourcesBuildPhase;
			buildActionMask = 2147483647;
			files = (
				EB23D3531F134B89001D4218 /* ViewController.swift in Sources */,
				EB23D3511F134B89001D4218 /* AppDelegate.swift in Sources */,
			);
			runOnlyForDeploymentPostprocessing = 0;
		};
/* End PBXSourcesBuildPhase section */

/* Begin PBXVariantGroup section */
		EB23D3541F134B89001D4218 /* Main.storyboard */ = {
			isa = PBXVariantGroup;
			children = (
				EB23D3551F134B89001D4218 /* Base */,
			);
			name = Main.storyboard;
			sourceTree = "<group>";
		};
		EB23D3591F134B89001D4218 /* LaunchScreen.storyboard */ = {
			isa = PBXVariantGroup;
			children = (
				EB23D35A1F134B89001D4218 /* Base */,
			);
			name = LaunchScreen.storyboard;
			sourceTree = "<group>";
		};
/* End PBXVariantGroup section */

/* Begin XCBuildConfiguration section */
		EB23D35D1F134B89001D4218 /* Debug */ = {
			isa = XCBuildConfiguration;
			buildSettings = {
				ALWAYS_SEARCH_USER_PATHS = NO;
				CLANG_ANALYZER_NONNULL = YES;
				CLANG_ANALYZER_NUMBER_OBJECT_CONVERSION = YES_AGGRESSIVE;
				CLANG_CXX_LANGUAGE_STANDARD = "gnu++0x";
				CLANG_CXX_LIBRARY = "libc++";
				CLANG_ENABLE_MODULES = YES;
				CLANG_ENABLE_OBJC_ARC = YES;
				CLANG_WARN_BOOL_CONVERSION = YES;
				CLANG_WARN_CONSTANT_CONVERSION = YES;
				CLANG_WARN_DIRECT_OBJC_ISA_USAGE = YES_ERROR;
				CLANG_WARN_DOCUMENTATION_COMMENTS = YES;
				CLANG_WARN_EMPTY_BODY = YES;
				CLANG_WARN_ENUM_CONVERSION = YES;
				CLANG_WARN_INFINITE_RECURSION = YES;
				CLANG_WARN_INT_CONVERSION = YES;
				CLANG_WARN_OBJC_ROOT_CLASS = YES_ERROR;
				CLANG_WARN_SUSPICIOUS_MOVE = YES;
				CLANG_WARN_UNREACHABLE_CODE = YES;
				CLANG_WARN__DUPLICATE_METHOD_MATCH = YES;
				"CODE_SIGN_IDENTITY[sdk=iphoneos*]" = "iPhone Developer";
				COPY_PHASE_STRIP = NO;
				DEBUG_INFORMATION_FORMAT = dwarf;
				ENABLE_STRICT_OBJC_MSGSEND = YES;
				ENABLE_TESTABILITY = YES;
				GCC_C_LANGUAGE_STANDARD = gnu99;
				GCC_DYNAMIC_NO_PIC = NO;
				GCC_NO_COMMON_BLOCKS = YES;
				GCC_OPTIMIZATION_LEVEL = 0;
				GCC_PREPROCESSOR_DEFINITIONS = (
					"DEBUG=1",
					"$(inherited)",
				);
				GCC_WARN_64_TO_32_BIT_CONVERSION = YES;
				GCC_WARN_ABOUT_RETURN_TYPE = YES_ERROR;
				GCC_WARN_UNDECLARED_SELECTOR = YES;
				GCC_WARN_UNINITIALIZED_AUTOS = YES_AGGRESSIVE;
				GCC_WARN_UNUSED_FUNCTION = YES;
				GCC_WARN_UNUSED_VARIABLE = YES;
				IPHONEOS_DEPLOYMENT_TARGET = 10.3;
				MTL_ENABLE_DEBUG_INFO = YES;
				ONLY_ACTIVE_ARCH = YES;
				SDKROOT = iphoneos;
				SWIFT_ACTIVE_COMPILATION_CONDITIONS = DEBUG;
				SWIFT_OPTIMIZATION_LEVEL = "-Onone";
			};
			name = Debug;
		};
		EB23D35E1F134B89001D4218 /* Release */ = {
			isa = XCBuildConfiguration;
			buildSettings = {
				ALWAYS_SEARCH_USER_PATHS = NO;
				CLANG_ANALYZER_NONNULL = YES;
				CLANG_ANALYZER_NUMBER_OBJECT_CONVERSION = YES_AGGRESSIVE;
				CLANG_CXX_LANGUAGE_STANDARD = "gnu++0x";
				CLANG_CXX_LIBRARY = "libc++";
				CLANG_ENABLE_MODULES = YES;
				CLANG_ENABLE_OBJC_ARC = YES;
				CLANG_WARN_BOOL_CONVERSION = YES;
				CLANG_WARN_CONSTANT_CONVERSION = YES;
				CLANG_WARN_DIRECT_OBJC_ISA_USAGE = YES_ERROR;
				CLANG_WARN_DOCUMENTATION_COMMENTS = YES;
				CLANG_WARN_EMPTY_BODY = YES;
				CLANG_WARN_ENUM_CONVERSION = YES;
				CLANG_WARN_INFINITE_RECURSION = YES;
				CLANG_WARN_INT_CONVERSION = YES;
				CLANG_WARN_OBJC_ROOT_CLASS = YES_ERROR;
				CLANG_WARN_SUSPICIOUS_MOVE = YES;
				CLANG_WARN_UNREACHABLE_CODE = YES;
				CLANG_WARN__DUPLICATE_METHOD_MATCH = YES;
				"CODE_SIGN_IDENTITY[sdk=iphoneos*]" = "iPhone Developer";
				COPY_PHASE_STRIP = NO;
				DEBUG_INFORMATION_FORMAT = "dwarf-with-dsym";
				ENABLE_NS_ASSERTIONS = NO;
				ENABLE_STRICT_OBJC_MSGSEND = YES;
				GCC_C_LANGUAGE_STANDARD = gnu99;
				GCC_NO_COMMON_BLOCKS = YES;
				GCC_WARN_64_TO_32_BIT_CONVERSION = YES;
				GCC_WARN_ABOUT_RETURN_TYPE = YES_ERROR;
				GCC_WARN_UNDECLARED_SELECTOR = YES;
				GCC_WARN_UNINITIALIZED_AUTOS = YES_AGGRESSIVE;
				GCC_WARN_UNUSED_FUNCTION = YES;
				GCC_WARN_UNUSED_VARIABLE = YES;
				IPHONEOS_DEPLOYMENT_TARGET = 10.3;
				MTL_ENABLE_DEBUG_INFO = NO;
				SDKROOT = iphoneos;
				SWIFT_OPTIMIZATION_LEVEL = "-Owholemodule";
				VALIDATE_PRODUCT = YES;
			};
			name = Release;
		};
		EB23D3601F134B89001D4218 /* Debug */ = {
			isa = XCBuildConfiguration;
			buildSettings = {
				ASSETCATALOG_COMPILER_APPICON_NAME = AppIcon;
				DEVELOPMENT_TEAM = 99T5ZP74P5;
				INFOPLIST_FILE = "Sound Shaker/Info.plist";
				LD_RUNPATH_SEARCH_PATHS = "$(inherited) @executable_path/Frameworks";
				PRODUCT_BUNDLE_IDENTIFIER = "io.jpinto.Sound-Shaker";
				PRODUCT_NAME = "$(TARGET_NAME)";
				SWIFT_VERSION = 3.0;
			};
			name = Debug;
		};
		EB23D3611F134B89001D4218 /* Release */ = {
			isa = XCBuildConfiguration;
			buildSettings = {
				ASSETCATALOG_COMPILER_APPICON_NAME = AppIcon;
				DEVELOPMENT_TEAM = 99T5ZP74P5;
				INFOPLIST_FILE = "Sound Shaker/Info.plist";
				LD_RUNPATH_SEARCH_PATHS = "$(inherited) @executable_path/Frameworks";
				PRODUCT_BUNDLE_IDENTIFIER = "io.jpinto.Sound-Shaker";
				PRODUCT_NAME = "$(TARGET_NAME)";
				SWIFT_VERSION = 3.0;
			};
			name = Release;
		};
/* End XCBuildConfiguration section */

/* Begin XCConfigurationList section */
		EB23D3481F134B89001D4218 /* Build configuration list for PBXProject "Sound Shaker" */ = {
			isa = XCConfigurationList;
			buildConfigurations = (
				EB23D35D1F134B89001D4218 /* Debug */,
				EB23D35E1F134B89001D4218 /* Release */,
			);
			defaultConfigurationIsVisible = 0;
			defaultConfigurationName = Release;
		};
		EB23D35F1F134B89001D4218 /* Build configuration list for PBXNativeTarget "Sound Shaker" */ = {
			isa = XCConfigurationList;
			buildConfigurations = (
				EB23D3601F134B89001D4218 /* Debug */,
				EB23D3611F134B89001D4218 /* Release */,
			);
			defaultConfigurationIsVisible = 0;
			defaultConfigurationName = Release;
		};
/* End XCConfigurationList section */
	};
	rootObject = EB23D3451F134B89001D4218 /* Project object */;
}
