// !$*UTF8*$!
{
	archiveVersion = 1;
	classes = {
	};
	objectVersion = 46;
	objects = {

/* Begin PBXBuildFile section */
		EB7B9FCF1F11797400B299FE /* AppDelegate.swift in Sources */ = {isa = PBXBuildFile; fileRef = EB7B9FCE1F11797400B299FE /* AppDelegate.swift */; };
		EB7B9FD11F11797400B299FE /* ViewController.swift in Sources */ = {isa = PBXBuildFile; fileRef = EB7B9FD01F11797400B299FE /* ViewController.swift */; };
		EB7B9FD41F11797400B299FE /* Main.storyboard in Resources */ = {isa = PBXBuildFile; fileRef = EB7B9FD21F11797400B299FE /* Main.storyboard */; };
		EB7B9FD61F11797400B299FE /* Assets.xcassets in Resources */ = {isa = PBXBuildFile; fileRef = EB7B9FD51F11797400B299FE /* Assets.xcassets */; };
		EB7B9FD91F11797400B299FE /* LaunchScreen.storyboard in Resources */ = {isa = PBXBuildFile; fileRef = EB7B9FD71F11797400B299FE /* LaunchScreen.storyboard */; };
		EB7B9FE11F117D0900B299FE /* 04 Angel Don't Cry.mp3 in Resources */ = {isa = PBXBuildFile; fileRef = EB7B9FE01F117D0900B299FE /* 04 Angel Don't Cry.mp3 */; };
/* End PBXBuildFile section */

/* Begin PBXFileReference section */
		EB7B9FCB1F11797400B299FE /* Audio Player.app */ = {isa = PBXFileReference; explicitFileType = wrapper.application; includeInIndex = 0; path = "Audio Player.app"; sourceTree = BUILT_PRODUCTS_DIR; };
		EB7B9FCE1F11797400B299FE /* AppDelegate.swift */ = {isa = PBXFileReference; lastKnownFileType = sourcecode.swift; path = AppDelegate.swift; sourceTree = "<group>"; };
		EB7B9FD01F11797400B299FE /* ViewController.swift */ = {isa = PBXFileReference; lastKnownFileType = sourcecode.swift; path = ViewController.swift; sourceTree = "<group>"; };
		EB7B9FD31F11797400B299FE /* Base */ = {isa = PBXFileReference; lastKnownFileType = file.storyboard; name = Base; path = Base.lproj/Main.storyboard; sourceTree = "<group>"; };
		EB7B9FD51F11797400B299FE /* Assets.xcassets */ = {isa = PBXFileReference; lastKnownFileType = folder.assetcatalog; path = Assets.xcassets; sourceTree = "<group>"; };
		EB7B9FD81F11797400B299FE /* Base */ = {isa = PBXFileReference; lastKnownFileType = file.storyboard; name = Base; path = Base.lproj/LaunchScreen.storyboard; sourceTree = "<group>"; };
		EB7B9FDA1F11797400B299FE /* Info.plist */ = {isa = PBXFileReference; lastKnownFileType = text.plist.xml; path = Info.plist; sourceTree = "<group>"; };
		EB7B9FE01F117D0900B299FE /* 04 Angel Don't Cry.mp3 */ = {isa = PBXFileReference; lastKnownFileType = audio.mp3; path = "04 Angel Don't Cry.mp3"; sourceTree = "<group>"; };
/* End PBXFileReference section */

/* Begin PBXFrameworksBuildPhase section */
		EB7B9FC81F11797400B299FE /* Frameworks */ = {
			isa = PBXFrameworksBuildPhase;
			buildActionMask = 2147483647;
			files = (
			);
			runOnlyForDeploymentPostprocessing = 0;
		};
/* End PBXFrameworksBuildPhase section */

/* Begin PBXGroup section */
		EB7B9FC21F11797400B299FE = {
			isa = PBXGroup;
			children = (
				EB7B9FCD1F11797400B299FE /* Audio Player */,
				EB7B9FCC1F11797400B299FE /* Products */,
			);
			sourceTree = "<group>";
		};
		EB7B9FCC1F11797400B299FE /* Products */ = {
			isa = PBXGroup;
			children = (
				EB7B9FCB1F11797400B299FE /* Audio Player.app */,
			);
			name = Products;
			sourceTree = "<group>";
		};
		EB7B9FCD1F11797400B299FE /* Audio Player */ = {
			isa = PBXGroup;
			children = (
				EB7B9FCE1F11797400B299FE /* AppDelegate.swift */,
				EB7B9FD01F11797400B299FE /* ViewController.swift */,
				EB7B9FD21F11797400B299FE /* Main.storyboard */,
				EB7B9FE01F117D0900B299FE /* 04 Angel Don't Cry.mp3 */,
				EB7B9FD51F11797400B299FE /* Assets.xcassets */,
				EB7B9FD71F11797400B299FE /* LaunchScreen.storyboard */,
				EB7B9FDA1F11797400B299FE /* Info.plist */,
			);
			path = "Audio Player";
			sourceTree = "<group>";
		};
/* End PBXGroup section */

/* Begin PBXNativeTarget section */
		EB7B9FCA1F11797400B299FE /* Audio Player */ = {
			isa = PBXNativeTarget;
			buildConfigurationList = EB7B9FDD1F11797400B299FE /* Build configuration list for PBXNativeTarget "Audio Player" */;
			buildPhases = (
				EB7B9FC71F11797400B299FE /* Sources */,
				EB7B9FC81F11797400B299FE /* Frameworks */,
				EB7B9FC91F11797400B299FE /* Resources */,
			);
			buildRules = (
			);
			dependencies = (
			);
			name = "Audio Player";
			productName = "Audio Player";
			productReference = EB7B9FCB1F11797400B299FE /* Audio Player.app */;
			productType = "com.apple.product-type.application";
		};
/* End PBXNativeTarget section */

/* Begin PBXProject section */
		EB7B9FC31F11797400B299FE /* Project object */ = {
			isa = PBXProject;
			attributes = {
				LastSwiftUpdateCheck = 0830;
				LastUpgradeCheck = 0830;
				ORGANIZATIONNAME = "Juan Pablo Pinto Santana";
				TargetAttributes = {
					EB7B9FCA1F11797400B299FE = {
						CreatedOnToolsVersion = 8.3.3;
						DevelopmentTeam = 99T5ZP74P5;
						ProvisioningStyle = Automatic;
					};
				};
			};
			buildConfigurationList = EB7B9FC61F11797400B299FE /* Build configuration list for PBXProject "Audio Player" */;
			compatibilityVersion = "Xcode 3.2";
			developmentRegion = English;
			hasScannedForEncodings = 0;
			knownRegions = (
				en,
				Base,
			);
			mainGroup = EB7B9FC21F11797400B299FE;
			productRefGroup = EB7B9FCC1F11797400B299FE /* Products */;
			projectDirPath = "";
			projectRoot = "";
			targets = (
				EB7B9FCA1F11797400B299FE /* Audio Player */,
			);
		};
/* End PBXProject section */

/* Begin PBXResourcesBuildPhase section */
		EB7B9FC91F11797400B299FE /* Resources */ = {
			isa = PBXResourcesBuildPhase;
			buildActionMask = 2147483647;
			files = (
				EB7B9FD91F11797400B299FE /* LaunchScreen.storyboard in Resources */,
				EB7B9FE11F117D0900B299FE /* 04 Angel Don't Cry.mp3 in Resources */,
				EB7B9FD61F11797400B299FE /* Assets.xcassets in Resources */,
				EB7B9FD41F11797400B299FE /* Main.storyboard in Resources */,
			);
			runOnlyForDeploymentPostprocessing = 0;
		};
/* End PBXResourcesBuildPhase section */

/* Begin PBXSourcesBuildPhase section */
		EB7B9FC71F11797400B299FE /* Sources */ = {
			isa = PBXSourcesBuildPhase;
			buildActionMask = 2147483647;
			files = (
				EB7B9FD11F11797400B299FE /* ViewController.swift in Sources */,
				EB7B9FCF1F11797400B299FE /* AppDelegate.swift in Sources */,
			);
			runOnlyForDeploymentPostprocessing = 0;
		};
/* End PBXSourcesBuildPhase section */

/* Begin PBXVariantGroup section */
		EB7B9FD21F11797400B299FE /* Main.storyboard */ = {
			isa = PBXVariantGroup;
			children = (
				EB7B9FD31F11797400B299FE /* Base */,
			);
			name = Main.storyboard;
			sourceTree = "<group>";
		};
		EB7B9FD71F11797400B299FE /* LaunchScreen.storyboard */ = {
			isa = PBXVariantGroup;
			children = (
				EB7B9FD81F11797400B299FE /* Base */,
			);
			name = LaunchScreen.storyboard;
			sourceTree = "<group>";
		};
/* End PBXVariantGroup section */

/* Begin XCBuildConfiguration section */
		EB7B9FDB1F11797400B299FE /* Debug */ = {
			isa = XCBuildConfiguration;
			buildSettings = {
				ALWAYS_SEARCH_USER_PATHS = NO;
				CLANG_ANALYZER_NONNULL = YES;
				CLANG_ANALYZER_NUMBER_OBJECT_CONVERSION = YES_AGGRESSIVE;
				CLANG_CXX_LANGUAGE_STANDARD = "gnu++0x";
				CLANG_CXX_LIBRARY = "libc++";
				CLANG_ENABLE_MODULES = YES;
				CLANG_ENABLE_OBJC_ARC = YES;
				CLANG_WARN_BOOL_CONVERSION = YES;
				CLANG_WARN_CONSTANT_CONVERSION = YES;
				CLANG_WARN_DIRECT_OBJC_ISA_USAGE = YES_ERROR;
				CLANG_WARN_DOCUMENTATION_COMMENTS = YES;
				CLANG_WARN_EMPTY_BODY = YES;
				CLANG_WARN_ENUM_CONVERSION = YES;
				CLANG_WARN_INFINITE_RECURSION = YES;
				CLANG_WARN_INT_CONVERSION = YES;
				CLANG_WARN_OBJC_ROOT_CLASS = YES_ERROR;
				CLANG_WARN_SUSPICIOUS_MOVE = YES;
				CLANG_WARN_UNREACHABLE_CODE = YES;
				CLANG_WARN__DUPLICATE_METHOD_MATCH = YES;
				"CODE_SIGN_IDENTITY[sdk=iphoneos*]" = "iPhone Developer";
				COPY_PHASE_STRIP = NO;
				DEBUG_INFORMATION_FORMAT = dwarf;
				ENABLE_STRICT_OBJC_MSGSEND = YES;
				ENABLE_TESTABILITY = YES;
				GCC_C_LANGUAGE_STANDARD = gnu99;
				GCC_DYNAMIC_NO_PIC = NO;
				GCC_NO_COMMON_BLOCKS = YES;
				GCC_OPTIMIZATION_LEVEL = 0;
				GCC_PREPROCESSOR_DEFINITIONS = (
					"DEBUG=1",
					"$(inherited)",
				);
				GCC_WARN_64_TO_32_BIT_CONVERSION = YES;
				GCC_WARN_ABOUT_RETURN_TYPE = YES_ERROR;
				GCC_WARN_UNDECLARED_SELECTOR = YES;
				GCC_WARN_UNINITIALIZED_AUTOS = YES_AGGRESSIVE;
				GCC_WARN_UNUSED_FUNCTION = YES;
				GCC_WARN_UNUSED_VARIABLE = YES;
				IPHONEOS_DEPLOYMENT_TARGET = 10.3;
				MTL_ENABLE_DEBUG_INFO = YES;
				ONLY_ACTIVE_ARCH = YES;
				SDKROOT = iphoneos;
				SWIFT_ACTIVE_COMPILATION_CONDITIONS = DEBUG;
				SWIFT_OPTIMIZATION_LEVEL = "-Onone";
			};
			name = Debug;
		};
		EB7B9FDC1F11797400B299FE /* Release */ = {
			isa = XCBuildConfiguration;
			buildSettings = {
				ALWAYS_SEARCH_USER_PATHS = NO;
				CLANG_ANALYZER_NONNULL = YES;
				CLANG_ANALYZER_NUMBER_OBJECT_CONVERSION = YES_AGGRESSIVE;
				CLANG_CXX_LANGUAGE_STANDARD = "gnu++0x";
				CLANG_CXX_LIBRARY = "libc++";
				CLANG_ENABLE_MODULES = YES;
				CLANG_ENABLE_OBJC_ARC = YES;
				CLANG_WARN_BOOL_CONVERSION = YES;
				CLANG_WARN_CONSTANT_CONVERSION = YES;
				CLANG_WARN_DIRECT_OBJC_ISA_USAGE = YES_ERROR;
				CLANG_WARN_DOCUMENTATION_COMMENTS = YES;
				CLANG_WARN_EMPTY_BODY = YES;
				CLANG_WARN_ENUM_CONVERSION = YES;
				CLANG_WARN_INFINITE_RECURSION = YES;
				CLANG_WARN_INT_CONVERSION = YES;
				CLANG_WARN_OBJC_ROOT_CLASS = YES_ERROR;
				CLANG_WARN_SUSPICIOUS_MOVE = YES;
				CLANG_WARN_UNREACHABLE_CODE = YES;
				CLANG_WARN__DUPLICATE_METHOD_MATCH = YES;
				"CODE_SIGN_IDENTITY[sdk=iphoneos*]" = "iPhone Developer";
				COPY_PHASE_STRIP = NO;
				DEBUG_INFORMATION_FORMAT = "dwarf-with-dsym";
				ENABLE_NS_ASSERTIONS = NO;
				ENABLE_STRICT_OBJC_MSGSEND = YES;
				GCC_C_LANGUAGE_STANDARD = gnu99;
				GCC_NO_COMMON_BLOCKS = YES;
				GCC_WARN_64_TO_32_BIT_CONVERSION = YES;
				GCC_WARN_ABOUT_RETURN_TYPE = YES_ERROR;
				GCC_WARN_UNDECLARED_SELECTOR = YES;
				GCC_WARN_UNINITIALIZED_AUTOS = YES_AGGRESSIVE;
				GCC_WARN_UNUSED_FUNCTION = YES;
				GCC_WARN_UNUSED_VARIABLE = YES;
				IPHONEOS_DEPLOYMENT_TARGET = 10.3;
				MTL_ENABLE_DEBUG_INFO = NO;
				SDKROOT = iphoneos;
				SWIFT_OPTIMIZATION_LEVEL = "-Owholemodule";
				VALIDATE_PRODUCT = YES;
			};
			name = Release;
		};
		EB7B9FDE1F11797400B299FE /* Debug */ = {
			isa = XCBuildConfiguration;
			buildSettings = {
				ASSETCATALOG_COMPILER_APPICON_NAME = AppIcon;
				DEVELOPMENT_TEAM = 99T5ZP74P5;
				INFOPLIST_FILE = "Audio Player/Info.plist";
				LD_RUNPATH_SEARCH_PATHS = "$(inherited) @executable_path/Frameworks";
				PRODUCT_BUNDLE_IDENTIFIER = "io.jpinto.Audio-Player";
				PRODUCT_NAME = "$(TARGET_NAME)";
				SWIFT_VERSION = 3.0;
			};
			name = Debug;
		};
		EB7B9FDF1F11797400B299FE /* Release */ = {
			isa = XCBuildConfiguration;
			buildSettings = {
				ASSETCATALOG_COMPILER_APPICON_NAME = AppIcon;
				DEVELOPMENT_TEAM = 99T5ZP74P5;
				INFOPLIST_FILE = "Audio Player/Info.plist";
				LD_RUNPATH_SEARCH_PATHS = "$(inherited) @executable_path/Frameworks";
				PRODUCT_BUNDLE_IDENTIFIER = "io.jpinto.Audio-Player";
				PRODUCT_NAME = "$(TARGET_NAME)";
				SWIFT_VERSION = 3.0;
			};
			name = Release;
		};
/* End XCBuildConfiguration section */

/* Begin XCConfigurationList section */
		EB7B9FC61F11797400B299FE /* Build configuration list for PBXProject "Audio Player" */ = {
			isa = XCConfigurationList;
			buildConfigurations = (
				EB7B9FDB1F11797400B299FE /* Debug */,
				EB7B9FDC1F11797400B299FE /* Release */,
			);
			defaultConfigurationIsVisible = 0;
			defaultConfigurationName = Release;
		};
		EB7B9FDD1F11797400B299FE /* Build configuration list for PBXNativeTarget "Audio Player" */ = {
			isa = XCConfigurationList;
			buildConfigurations = (
				EB7B9FDE1F11797400B299FE /* Debug */,
				EB7B9FDF1F11797400B299FE /* Release */,
			);
			defaultConfigurationIsVisible = 0;
		};
/* End XCConfigurationList section */
	};
	rootObject = EB7B9FC31F11797400B299FE /* Project object */;
}
