// !$*UTF8*$!
{
	archiveVersion = 1;
	classes = {
	};
	objectVersion = 46;
	objects = {

/* Begin PBXBuildFile section */
		EBD572961F227B82002DB7D7 /* AppDelegate.swift in Sources */ = {isa = PBXBuildFile; fileRef = EBD572951F227B82002DB7D7 /* AppDelegate.swift */; };
		EBD572981F227B82002DB7D7 /* ViewController.swift in Sources */ = {isa = PBXBuildFile; fileRef = EBD572971F227B82002DB7D7 /* ViewController.swift */; };
		EBD5729B1F227B82002DB7D7 /* Main.storyboard in Resources */ = {isa = PBXBuildFile; fileRef = EBD572991F227B82002DB7D7 /* Main.storyboard */; };
		EBD5729D1F227B82002DB7D7 /* Assets.xcassets in Resources */ = {isa = PBXBuildFile; fileRef = EBD5729C1F227B82002DB7D7 /* Assets.xcassets */; };
		EBD572A01F227B82002DB7D7 /* LaunchScreen.storyboard in Resources */ = {isa = PBXBuildFile; fileRef = EBD5729E1F227B82002DB7D7 /* LaunchScreen.storyboard */; };
/* End PBXBuildFile section */

/* Begin PBXFileReference section */
		EBD572921F227B82002DB7D7 /* Spinners & Alerts.app */ = {isa = PBXFileReference; explicitFileType = wrapper.application; includeInIndex = 0; path = "Spinners & Alerts.app"; sourceTree = BUILT_PRODUCTS_DIR; };
		EBD572951F227B82002DB7D7 /* AppDelegate.swift */ = {isa = PBXFileReference; lastKnownFileType = sourcecode.swift; path = AppDelegate.swift; sourceTree = "<group>"; };
		EBD572971F227B82002DB7D7 /* ViewController.swift */ = {isa = PBXFileReference; lastKnownFileType = sourcecode.swift; path = ViewController.swift; sourceTree = "<group>"; };
		EBD5729A1F227B82002DB7D7 /* Base */ = {isa = PBXFileReference; lastKnownFileType = file.storyboard; name = Base; path = Base.lproj/Main.storyboard; sourceTree = "<group>"; };
		EBD5729C1F227B82002DB7D7 /* Assets.xcassets */ = {isa = PBXFileReference; lastKnownFileType = folder.assetcatalog; path = Assets.xcassets; sourceTree = "<group>"; };
		EBD5729F1F227B82002DB7D7 /* Base */ = {isa = PBXFileReference; lastKnownFileType = file.storyboard; name = Base; path = Base.lproj/LaunchScreen.storyboard; sourceTree = "<group>"; };
		EBD572A11F227B82002DB7D7 /* Info.plist */ = {isa = PBXFileReference; lastKnownFileType = text.plist.xml; path = Info.plist; sourceTree = "<group>"; };
/* End PBXFileReference section */

/* Begin PBXFrameworksBuildPhase section */
		EBD5728F1F227B82002DB7D7 /* Frameworks */ = {
			isa = PBXFrameworksBuildPhase;
			buildActionMask = 2147483647;
			files = (
			);
			runOnlyForDeploymentPostprocessing = 0;
		};
/* End PBXFrameworksBuildPhase section */

/* Begin PBXGroup section */
		EBD572891F227B82002DB7D7 = {
			isa = PBXGroup;
			children = (
				EBD572941F227B82002DB7D7 /* Spinners & Alerts */,
				EBD572931F227B82002DB7D7 /* Products */,
			);
			sourceTree = "<group>";
		};
		EBD572931F227B82002DB7D7 /* Products */ = {
			isa = PBXGroup;
			children = (
				EBD572921F227B82002DB7D7 /* Spinners & Alerts.app */,
			);
			name = Products;
			sourceTree = "<group>";
		};
		EBD572941F227B82002DB7D7 /* Spinners & Alerts */ = {
			isa = PBXGroup;
			children = (
				EBD572951F227B82002DB7D7 /* AppDelegate.swift */,
				EBD572971F227B82002DB7D7 /* ViewController.swift */,
				EBD572991F227B82002DB7D7 /* Main.storyboard */,
				EBD5729C1F227B82002DB7D7 /* Assets.xcassets */,
				EBD5729E1F227B82002DB7D7 /* LaunchScreen.storyboard */,
				EBD572A11F227B82002DB7D7 /* Info.plist */,
			);
			path = "Spinners & Alerts";
			sourceTree = "<group>";
		};
/* End PBXGroup section */

/* Begin PBXNativeTarget section */
		EBD572911F227B82002DB7D7 /* Spinners & Alerts */ = {
			isa = PBXNativeTarget;
			buildConfigurationList = EBD572A41F227B82002DB7D7 /* Build configuration list for PBXNativeTarget "Spinners & Alerts" */;
			buildPhases = (
				EBD5728E1F227B82002DB7D7 /* Sources */,
				EBD5728F1F227B82002DB7D7 /* Frameworks */,
				EBD572901F227B82002DB7D7 /* Resources */,
			);
			buildRules = (
			);
			dependencies = (
			);
			name = "Spinners & Alerts";
			productName = "Spinners & Alerts";
			productReference = EBD572921F227B82002DB7D7 /* Spinners & Alerts.app */;
			productType = "com.apple.product-type.application";
		};
/* End PBXNativeTarget section */

/* Begin PBXProject section */
		EBD5728A1F227B82002DB7D7 /* Project object */ = {
			isa = PBXProject;
			attributes = {
				LastSwiftUpdateCheck = 0830;
				LastUpgradeCheck = 0830;
				ORGANIZATIONNAME = "Juan Pablo Pinto Santana";
				TargetAttributes = {
					EBD572911F227B82002DB7D7 = {
						CreatedOnToolsVersion = 8.3.3;
						DevelopmentTeam = 99T5ZP74P5;
						ProvisioningStyle = Automatic;
					};
				};
			};
			buildConfigurationList = EBD5728D1F227B82002DB7D7 /* Build configuration list for PBXProject "Spinners & Alerts" */;
			compatibilityVersion = "Xcode 3.2";
			developmentRegion = English;
			hasScannedForEncodings = 0;
			knownRegions = (
				en,
				Base,
			);
			mainGroup = EBD572891F227B82002DB7D7;
			productRefGroup = EBD572931F227B82002DB7D7 /* Products */;
			projectDirPath = "";
			projectRoot = "";
			targets = (
				EBD572911F227B82002DB7D7 /* Spinners & Alerts */,
			);
		};
/* End PBXProject section */

/* Begin PBXResourcesBuildPhase section */
		EBD572901F227B82002DB7D7 /* Resources */ = {
			isa = PBXResourcesBuildPhase;
			buildActionMask = 2147483647;
			files = (
				EBD572A01F227B82002DB7D7 /* LaunchScreen.storyboard in Resources */,
				EBD5729D1F227B82002DB7D7 /* Assets.xcassets in Resources */,
				EBD5729B1F227B82002DB7D7 /* Main.storyboard in Resources */,
			);
			runOnlyForDeploymentPostprocessing = 0;
		};
/* End PBXResourcesBuildPhase section */

/* Begin PBXSourcesBuildPhase section */
		EBD5728E1F227B82002DB7D7 /* Sources */ = {
			isa = PBXSourcesBuildPhase;
			buildActionMask = 2147483647;
			files = (
				EBD572981F227B82002DB7D7 /* ViewController.swift in Sources */,
				EBD572961F227B82002DB7D7 /* AppDelegate.swift in Sources */,
			);
			runOnlyForDeploymentPostprocessing = 0;
		};
/* End PBXSourcesBuildPhase section */

/* Begin PBXVariantGroup section */
		EBD572991F227B82002DB7D7 /* Main.storyboard */ = {
			isa = PBXVariantGroup;
			children = (
				EBD5729A1F227B82002DB7D7 /* Base */,
			);
			name = Main.storyboard;
			sourceTree = "<group>";
		};
		EBD5729E1F227B82002DB7D7 /* LaunchScreen.storyboard */ = {
			isa = PBXVariantGroup;
			children = (
				EBD5729F1F227B82002DB7D7 /* Base */,
			);
			name = LaunchScreen.storyboard;
			sourceTree = "<group>";
		};
/* End PBXVariantGroup section */

/* Begin XCBuildConfiguration section */
		EBD572A21F227B82002DB7D7 /* Debug */ = {
			isa = XCBuildConfiguration;
			buildSettings = {
				ALWAYS_SEARCH_USER_PATHS = NO;
				CLANG_ANALYZER_NONNULL = YES;
				CLANG_ANALYZER_NUMBER_OBJECT_CONVERSION = YES_AGGRESSIVE;
				CLANG_CXX_LANGUAGE_STANDARD = "gnu++0x";
				CLANG_CXX_LIBRARY = "libc++";
				CLANG_ENABLE_MODULES = YES;
				CLANG_ENABLE_OBJC_ARC = YES;
				CLANG_WARN_BOOL_CONVERSION = YES;
				CLANG_WARN_CONSTANT_CONVERSION = YES;
				CLANG_WARN_DIRECT_OBJC_ISA_USAGE = YES_ERROR;
				CLANG_WARN_DOCUMENTATION_COMMENTS = YES;
				CLANG_WARN_EMPTY_BODY = YES;
				CLANG_WARN_ENUM_CONVERSION = YES;
				CLANG_WARN_INFINITE_RECURSION = YES;
				CLANG_WARN_INT_CONVERSION = YES;
				CLANG_WARN_OBJC_ROOT_CLASS = YES_ERROR;
				CLANG_WARN_SUSPICIOUS_MOVE = YES;
				CLANG_WARN_UNREACHABLE_CODE = YES;
				CLANG_WARN__DUPLICATE_METHOD_MATCH = YES;
				"CODE_SIGN_IDENTITY[sdk=iphoneos*]" = "iPhone Developer";
				COPY_PHASE_STRIP = NO;
				DEBUG_INFORMATION_FORMAT = dwarf;
				ENABLE_STRICT_OBJC_MSGSEND = YES;
				ENABLE_TESTABILITY = YES;
				GCC_C_LANGUAGE_STANDARD = gnu99;
				GCC_DYNAMIC_NO_PIC = NO;
				GCC_NO_COMMON_BLOCKS = YES;
				GCC_OPTIMIZATION_LEVEL = 0;
				GCC_PREPROCESSOR_DEFINITIONS = (
					"DEBUG=1",
					"$(inherited)",
				);
				GCC_WARN_64_TO_32_BIT_CONVERSION = YES;
				GCC_WARN_ABOUT_RETURN_TYPE = YES_ERROR;
				GCC_WARN_UNDECLARED_SELECTOR = YES;
				GCC_WARN_UNINITIALIZED_AUTOS = YES_AGGRESSIVE;
				GCC_WARN_UNUSED_FUNCTION = YES;
				GCC_WARN_UNUSED_VARIABLE = YES;
				IPHONEOS_DEPLOYMENT_TARGET = 10.3;
				MTL_ENABLE_DEBUG_INFO = YES;
				ONLY_ACTIVE_ARCH = YES;
				SDKROOT = iphoneos;
				SWIFT_ACTIVE_COMPILATION_CONDITIONS = DEBUG;
				SWIFT_OPTIMIZATION_LEVEL = "-Onone";
			};
			name = Debug;
		};
		EBD572A31F227B82002DB7D7 /* Release */ = {
			isa = XCBuildConfiguration;
			buildSettings = {
				ALWAYS_SEARCH_USER_PATHS = NO;
				CLANG_ANALYZER_NONNULL = YES;
				CLANG_ANALYZER_NUMBER_OBJECT_CONVERSION = YES_AGGRESSIVE;
				CLANG_CXX_LANGUAGE_STANDARD = "gnu++0x";
				CLANG_CXX_LIBRARY = "libc++";
				CLANG_ENABLE_MODULES = YES;
				CLANG_ENABLE_OBJC_ARC = YES;
				CLANG_WARN_BOOL_CONVERSION = YES;
				CLANG_WARN_CONSTANT_CONVERSION = YES;
				CLANG_WARN_DIRECT_OBJC_ISA_USAGE = YES_ERROR;
				CLANG_WARN_DOCUMENTATION_COMMENTS = YES;
				CLANG_WARN_EMPTY_BODY = YES;
				CLANG_WARN_ENUM_CONVERSION = YES;
				CLANG_WARN_INFINITE_RECURSION = YES;
				CLANG_WARN_INT_CONVERSION = YES;
				CLANG_WARN_OBJC_ROOT_CLASS = YES_ERROR;
				CLANG_WARN_SUSPICIOUS_MOVE = YES;
				CLANG_WARN_UNREACHABLE_CODE = YES;
				CLANG_WARN__DUPLICATE_METHOD_MATCH = YES;
				"CODE_SIGN_IDENTITY[sdk=iphoneos*]" = "iPhone Developer";
				COPY_PHASE_STRIP = NO;
				DEBUG_INFORMATION_FORMAT = "dwarf-with-dsym";
				ENABLE_NS_ASSERTIONS = NO;
				ENABLE_STRICT_OBJC_MSGSEND = YES;
				GCC_C_LANGUAGE_STANDARD = gnu99;
				GCC_NO_COMMON_BLOCKS = YES;
				GCC_WARN_64_TO_32_BIT_CONVERSION = YES;
				GCC_WARN_ABOUT_RETURN_TYPE = YES_ERROR;
				GCC_WARN_UNDECLARED_SELECTOR = YES;
				GCC_WARN_UNINITIALIZED_AUTOS = YES_AGGRESSIVE;
				GCC_WARN_UNUSED_FUNCTION = YES;
				GCC_WARN_UNUSED_VARIABLE = YES;
				IPHONEOS_DEPLOYMENT_TARGET = 10.3;
				MTL_ENABLE_DEBUG_INFO = NO;
				SDKROOT = iphoneos;
				SWIFT_OPTIMIZATION_LEVEL = "-Owholemodule";
				VALIDATE_PRODUCT = YES;
			};
			name = Release;
		};
		EBD572A51F227B82002DB7D7 /* Debug */ = {
			isa = XCBuildConfiguration;
			buildSettings = {
				ASSETCATALOG_COMPILER_APPICON_NAME = AppIcon;
				DEVELOPMENT_TEAM = 99T5ZP74P5;
				INFOPLIST_FILE = "Spinners & Alerts/Info.plist";
				LD_RUNPATH_SEARCH_PATHS = "$(inherited) @executable_path/Frameworks";
				PRODUCT_BUNDLE_IDENTIFIER = "io.jpinto.Spinners---Alerts";
				PRODUCT_NAME = "$(TARGET_NAME)";
				SWIFT_VERSION = 3.0;
			};
			name = Debug;
		};
		EBD572A61F227B82002DB7D7 /* Release */ = {
			isa = XCBuildConfiguration;
			buildSettings = {
				ASSETCATALOG_COMPILER_APPICON_NAME = AppIcon;
				DEVELOPMENT_TEAM = 99T5ZP74P5;
				INFOPLIST_FILE = "Spinners & Alerts/Info.plist";
				LD_RUNPATH_SEARCH_PATHS = "$(inherited) @executable_path/Frameworks";
				PRODUCT_BUNDLE_IDENTIFIER = "io.jpinto.Spinners---Alerts";
				PRODUCT_NAME = "$(TARGET_NAME)";
				SWIFT_VERSION = 3.0;
			};
			name = Release;
		};
/* End XCBuildConfiguration section */

/* Begin XCConfigurationList section */
		EBD5728D1F227B82002DB7D7 /* Build configuration list for PBXProject "Spinners & Alerts" */ = {
			isa = XCConfigurationList;
			buildConfigurations = (
				EBD572A21F227B82002DB7D7 /* Debug */,
				EBD572A31F227B82002DB7D7 /* Release */,
			);
			defaultConfigurationIsVisible = 0;
			defaultConfigurationName = Release;
		};
		EBD572A41F227B82002DB7D7 /* Build configuration list for PBXNativeTarget "Spinners & Alerts" */ = {
			isa = XCConfigurationList;
			buildConfigurations = (
				EBD572A51F227B82002DB7D7 /* Debug */,
				EBD572A61F227B82002DB7D7 /* Release */,
			);
			defaultConfigurationIsVisible = 0;
		};
/* End XCConfigurationList section */
	};
	rootObject = EBD5728A1F227B82002DB7D7 /* Project object */;
}
